
Microsoft Visual Studio Solution File, Format Version 12.00
# Visual Studio Version 17
VisualStudioVersion = 17.8.34322.80
MinimumVisualStudioVersion = 10.0.40219.1
Project("{8BC9CEB8-8B4A-11D0-8D11-00A0C91BC942}") = "OOP-HomeWork-4", "OOP-HomeWork-4\OOP-HomeWork-4.vcxproj", "{AE36072C-84C6-4038-8121-B3DCDB107EE1}"
EndProject
Global
	GlobalSection(SolutionConfigurationPlatforms) = preSolution
		Debug|x64 = Debug|x64
		Debug|x86 = Debug|x86
		Release|x64 = Release|x64
		Release|x86 = Release|x86
	EndGlobalSection
	GlobalSection(ProjectConfigurationPlatforms) = postSolution
		{AE36072C-84C6-4038-8121-B3DCDB107EE1}.Debug|x64.ActiveCfg = Debug|x64
		{AE36072C-84C6-4038-8121-B3DCDB107EE1}.Debug|x64.Build.0 = Debug|x64
		{AE36072C-84C6-4038-8121-B3DCDB107EE1}.Debug|x86.ActiveCfg = Debug|Win32
		{AE36072C-84C6-4038-8121-B3DCDB107EE1}.Debug|x86.Build.0 = Debug|Win32
		{AE36072C-84C6-4038-8121-B3DCDB107EE1}.Release|x64.ActiveCfg = Release|x64
		{AE36072C-84C6-4038-8121-B3DCDB107EE1}.Release|x64.Build.0 = Release|x64
		{AE36072C-84C6-4038-8121-B3DCDB107EE1}.Release|x86.ActiveCfg = Release|Win32
		{AE36072C-84C6-4038-8121-B3DCDB107EE1}.Release|x86.Build.0 = Release|Win32
	EndGlobalSection
	GlobalSection(SolutionProperties) = preSolution
		HideSolutionNode = FALSE
	EndGlobalSection
	GlobalSection(ExtensibilityGlobals) = postSolution
		SolutionGuid = {2453321C-361D-44B1-B9C1-5CF5AA9A25A2}
	EndGlobalSection
EndGlobal
